
Microsoft Visual Studio Solution File, Format Version 12.00
# Visual Studio Version 16
VisualStudioVersion = 16.0.28922.388
MinimumVisualStudioVersion = 10.0.40219.1
Project("{9A19103F-16F7-4668-BE54-9A1E7A4F7556}") = "FastDeepCloner", "..\source\FastDeepCloner\FastDeepCloner.csproj", "{CAE12F15-A087-440F-A1C1-FD4F3BEB82BE}"
EndProject
Project("{9A19103F-16F7-4668-BE54-9A1E7A4F7556}") = "FastDeepCloner.tests", "..\source\FastDeepCloner.tests\FastDeepCloner.tests.csproj", "{C1349EFE-27C3-44EB-9D2F-499272E524C5}"
EndProject
Project("{FAE04EC0-301F-11D3-BF4B-00C04F79EFBC}") = "BNGTest", "..\source\BNGTest\BNGTest.csproj", "{A3B643A6-43CD-436B-A1FB-C31FAA4111A5}"
EndProject
Global
	GlobalSection(SolutionConfigurationPlatforms) = preSolution
		Debug|Any CPU = Debug|Any CPU
		Debug|x64 = Debug|x64
		Release|Any CPU = Release|Any CPU
		Release|x64 = Release|x64
	EndGlobalSection
	GlobalSection(ProjectConfigurationPlatforms) = postSolution
		{CAE12F15-A087-440F-A1C1-FD4F3BEB82BE}.Debug|Any CPU.ActiveCfg = Debug|Any CPU
		{CAE12F15-A087-440F-A1C1-FD4F3BEB82BE}.Debug|Any CPU.Build.0 = Debug|Any CPU
		{CAE12F15-A087-440F-A1C1-FD4F3BEB82BE}.Debug|x64.ActiveCfg = Debug|x64
		{CAE12F15-A087-440F-A1C1-FD4F3BEB82BE}.Debug|x64.Build.0 = Debug|x64
		{CAE12F15-A087-440F-A1C1-FD4F3BEB82BE}.Release|Any CPU.ActiveCfg = Release|Any CPU
		{CAE12F15-A087-440F-A1C1-FD4F3BEB82BE}.Release|Any CPU.Build.0 = Release|Any CPU
		{CAE12F15-A087-440F-A1C1-FD4F3BEB82BE}.Release|x64.ActiveCfg = Release|x64
		{CAE12F15-A087-440F-A1C1-FD4F3BEB82BE}.Release|x64.Build.0 = Release|x64
		{C1349EFE-27C3-44EB-9D2F-499272E524C5}.Debug|Any CPU.ActiveCfg = Debug|Any CPU
		{C1349EFE-27C3-44EB-9D2F-499272E524C5}.Debug|Any CPU.Build.0 = Debug|Any CPU
		{C1349EFE-27C3-44EB-9D2F-499272E524C5}.Debug|x64.ActiveCfg = Debug|Any CPU
		{C1349EFE-27C3-44EB-9D2F-499272E524C5}.Debug|x64.Build.0 = Debug|Any CPU
		{C1349EFE-27C3-44EB-9D2F-499272E524C5}.Release|Any CPU.ActiveCfg = Release|Any CPU
		{C1349EFE-27C3-44EB-9D2F-499272E524C5}.Release|Any CPU.Build.0 = Release|Any CPU
		{C1349EFE-27C3-44EB-9D2F-499272E524C5}.Release|x64.ActiveCfg = Release|Any CPU
		{C1349EFE-27C3-44EB-9D2F-499272E524C5}.Release|x64.Build.0 = Release|Any CPU
		{A3B643A6-43CD-436B-A1FB-C31FAA4111A5}.Debug|Any CPU.ActiveCfg = Debug|Any CPU
		{A3B643A6-43CD-436B-A1FB-C31FAA4111A5}.Debug|Any CPU.Build.0 = Debug|Any CPU
		{A3B643A6-43CD-436B-A1FB-C31FAA4111A5}.Debug|x64.ActiveCfg = Debug|Any CPU
		{A3B643A6-43CD-436B-A1FB-C31FAA4111A5}.Debug|x64.Build.0 = Debug|Any CPU
		{A3B643A6-43CD-436B-A1FB-C31FAA4111A5}.Release|Any CPU.ActiveCfg = Release|Any CPU
		{A3B643A6-43CD-436B-A1FB-C31FAA4111A5}.Release|Any CPU.Build.0 = Release|Any CPU
		{A3B643A6-43CD-436B-A1FB-C31FAA4111A5}.Release|x64.ActiveCfg = Release|Any CPU
		{A3B643A6-43CD-436B-A1FB-C31FAA4111A5}.Release|x64.Build.0 = Release|Any CPU
	EndGlobalSection
	GlobalSection(SolutionProperties) = preSolution
		HideSolutionNode = FALSE
	EndGlobalSection
	GlobalSection(ExtensibilityGlobals) = postSolution
		SolutionGuid = {3DCBD496-B857-4812-B29D-871DFEEB0122}
	EndGlobalSection
EndGlobal
